# This file is autogenerated, do not edit; changes may be undone by the next 'dep ensure'.


[[projects]]
  digest = "1:d5e752c67b445baa5b6cb6f8aa706775c2aa8e41aca95a0c651520ff2c80361a"
  name = "github.com/Microsoft/go-winio"
  packages = [
    ".",
    "pkg/guid",
  ]
  pruneopts = "UT"
  revision = "6c72808b55902eae4c5943626030429ff20f3b63"
  version = "v0.4.14"

[[projects]]
  digest = "1:36a75ab002c1cfb43bcc5d2ec10fbdc2a1136e9246a65e535f1d827435f28f17"
  name = "github.com/Sirupsen/logrus"
  packages = ["."]
  pruneopts = "UT"
  revision = "418b41d23a1bf978c06faea5313ba194650ac088"
  version = "v0.8.7"

[[projects]]
  digest = "1:30e8074ed013fe9a5e4b0521f3b5a4af927ed0f3e24041c07ea230f75d96435b"
  name = "github.com/codegangsta/cli"
  packages = ["."]
  pruneopts = "UT"
  revision = "565493f259bf868adb54d45d5f4c68d405117adf"
  version = "v1.2.0"

[[projects]]
  digest = "1:17220d24a71d938010a77675bce92f846bc4876e555c26f5976c92deaf55b69a"
  name = "github.com/coreos/go-systemd"
  packages = ["activation"]
  pruneopts = "UT"
  revision = "2d78030078ef61b3cae27f42ad6d0e46db51b339"
  version = "v22.0.0"

[[projects]]
  digest = "1:1c5c45e44791275aa40ec904fa1c6309e5d647f82c2bc99a284decaffb596411"
  name = "github.com/docker/docker"
  packages = ["pkg/units"]
  pruneopts = "UT"
  revision = "a34a1d598c6096ed8b5ce5219e77d68e5cd85462"
  version = "v1.9.1"

[[projects]]
  digest = "1:5a900d94d96d41ea116d7e6c46717fdf330f35d8bdd116798e2bc0c319f66565"
  name = "github.com/docker/go-connections"
  packages = ["sockets"]
  pruneopts = "UT"
  revision = "7395e3f8aa162843a74ed6d48e79627d9792ac55"
  version = "v0.4.0"

[[projects]]
  branch = "master"
  digest = "1:5021eee3d4717f64653954d44f28d06f99e367a22b17c2e106fd55c2c2976e2f"
  name = "github.com/docker/go-plugins-helpers"
  packages = [
    "network",
    "sdk",
  ]
  pruneopts = "UT"
  revision = "c9a8a2d92ccca898008b580693c4a688963575b1"

[[projects]]
  digest = "1:545c06b237682c554c707a4baa85470f96dccb52eeb2ebd201dff119d2db9d54"
  name = "github.com/docker/libnetwork"
  packages = ["iptables"]
  pruneopts = "UT"
  revision = "04cc1fa0a89f8c407b7be8cab883d4b17531ea7d"

[[projects]]
  digest = "1:8bb0d597d5a956620f440a73bb5f33d0e1e29e77e8b79980ba8bfd00610a3e89"
  name = "github.com/godbus/dbus"
  packages = ["."]
  pruneopts = "UT"
  revision = "9055aba822f5d54b1cb3e124336499648cb5d3c5"

[[projects]]
  digest = "1:c7d1ed8147c3d47d58dd3d261469137cd8ad2c1d3c78a7028558d73517f769e1"
  name = "github.com/samalba/dockerclient"
  packages = ["."]
  pruneopts = "UT"
  revision = "82381805d3533c97cec74e1cc79b00ef45774571"

[[projects]]
  digest = "1:070bce6e9f8d7badb7f02b1819c286012eba24e3fa5ccfc07079d4627f5ef222"
  name = "github.com/socketplane/libovsdb"
  packages = [
    ".",
    "Godeps/_workspace/src/github.com/cenkalti/hub",
    "Godeps/_workspace/src/github.com/cenkalti/rpc2",
    "Godeps/_workspace/src/github.com/cenkalti/rpc2/jsonrpc",
  ]
  pruneopts = "UT"
  revision = "58cf01279880d621a67c5f929af9ed59ab409373"

[[projects]]
  digest = "1:e32c2ba3d9b82bc8b3a49b2086acce80a05d82e007cac220857cff62f603d2fe"
  name = "github.com/vishvananda/netlink"
  packages = [
    ".",
    "nl",
  ]
  pruneopts = "UT"
  revision = "a57a12c1b1d8aa37cf2f9da4fa7657b1f1fed88c"

[[projects]]
  branch = "master"
  digest = "1:3587bbb18e3d5299dc0020733e2839138afb0a29456ffd4073a3962bb9966556"
  name = "golang.org/x/net"
  packages = [
    "internal/socks",
    "proxy",
  ]
  pruneopts = "UT"
  revision = "d3edc9973b7eb1fb302b0ff2c62357091cea9a30"

[[projects]]
  branch = "master"
  digest = "1:181b0f31060ef04339c16e7bba946726dc4801a547f06edbd26d2b72a09df98c"
  name = "golang.org/x/sys"
  packages = ["windows"]
  pruneopts = "UT"
  revision = "669c56c373c468cbe0f0c12b7939832b26088d33"

[solve-meta]
  analyzer-name = "dep"
  analyzer-version = 1
  input-imports = [
    "github.com/Sirupsen/logrus",
    "github.com/codegangsta/cli",
    "github.com/docker/go-plugins-helpers/network",
    "github.com/docker/libnetwork/iptables",
    "github.com/samalba/dockerclient",
    "github.com/socketplane/libovsdb",
    "github.com/vishvananda/netlink",
  ]
  solver-name = "gps-cdcl"
  solver-version = 1
